
Microsoft Visual Studio Solution File, Format Version 12.00
# Visual Studio Version 17
VisualStudioVersion = 17.4.33205.214
MinimumVisualStudioVersion = 10.0.40219.1
Project("{9A19103F-16F7-4668-BE54-9A1E7A4F7556}") = "MonoEngine", "MonoEngine\MonoEngine.csproj", "{496B31C4-AC42-41EF-8990-48A0107A151E}"
EndProject
Project("{9A19103F-16F7-4668-BE54-9A1E7A4F7556}") = "EngineTest", "EngineTest\EngineTest.csproj", "{5E7BE2CF-A699-4D24-997E-FCB8752A9D30}"
EndProject
Project("{9A19103F-16F7-4668-BE54-9A1E7A4F7556}") = "EngineTests", "EngineTests\EngineTests.csproj", "{96BE77B9-89DE-44C8-88C3-8C546AE4862C}"
EndProject
Project("{9A19103F-16F7-4668-BE54-9A1E7A4F7556}") = "MarchingSquares", "MarchingSquares\MarchingSquares.csproj", "{F54238DC-735A-4A93-9A39-1DF0B53A209D}"
EndProject
Project("{FAE04EC0-301F-11D3-BF4B-00C04F79EFBC}") = "Physics", "Physics\Physics.csproj", "{BCC5B9FD-590F-462C-B12D-A3CC50009DDC}"
EndProject
Global
	GlobalSection(SolutionConfigurationPlatforms) = preSolution
		Debug|Any CPU = Debug|Any CPU
		Release|Any CPU = Release|Any CPU
	EndGlobalSection
	GlobalSection(ProjectConfigurationPlatforms) = postSolution
		{496B31C4-AC42-41EF-8990-48A0107A151E}.Debug|Any CPU.ActiveCfg = Debug|Any CPU
		{496B31C4-AC42-41EF-8990-48A0107A151E}.Debug|Any CPU.Build.0 = Debug|Any CPU
		{496B31C4-AC42-41EF-8990-48A0107A151E}.Release|Any CPU.ActiveCfg = Release|Any CPU
		{496B31C4-AC42-41EF-8990-48A0107A151E}.Release|Any CPU.Build.0 = Release|Any CPU
		{5E7BE2CF-A699-4D24-997E-FCB8752A9D30}.Debug|Any CPU.ActiveCfg = Debug|Any CPU
		{5E7BE2CF-A699-4D24-997E-FCB8752A9D30}.Debug|Any CPU.Build.0 = Debug|Any CPU
		{5E7BE2CF-A699-4D24-997E-FCB8752A9D30}.Release|Any CPU.ActiveCfg = Release|Any CPU
		{5E7BE2CF-A699-4D24-997E-FCB8752A9D30}.Release|Any CPU.Build.0 = Release|Any CPU
		{96BE77B9-89DE-44C8-88C3-8C546AE4862C}.Debug|Any CPU.ActiveCfg = Debug|Any CPU
		{96BE77B9-89DE-44C8-88C3-8C546AE4862C}.Debug|Any CPU.Build.0 = Debug|Any CPU
		{96BE77B9-89DE-44C8-88C3-8C546AE4862C}.Release|Any CPU.ActiveCfg = Release|Any CPU
		{96BE77B9-89DE-44C8-88C3-8C546AE4862C}.Release|Any CPU.Build.0 = Release|Any CPU
		{F54238DC-735A-4A93-9A39-1DF0B53A209D}.Debug|Any CPU.ActiveCfg = Debug|Any CPU
		{F54238DC-735A-4A93-9A39-1DF0B53A209D}.Debug|Any CPU.Build.0 = Debug|Any CPU
		{F54238DC-735A-4A93-9A39-1DF0B53A209D}.Release|Any CPU.ActiveCfg = Release|Any CPU
		{F54238DC-735A-4A93-9A39-1DF0B53A209D}.Release|Any CPU.Build.0 = Release|Any CPU
		{BCC5B9FD-590F-462C-B12D-A3CC50009DDC}.Debug|Any CPU.ActiveCfg = Debug|Any CPU
		{BCC5B9FD-590F-462C-B12D-A3CC50009DDC}.Debug|Any CPU.Build.0 = Debug|Any CPU
		{BCC5B9FD-590F-462C-B12D-A3CC50009DDC}.Release|Any CPU.ActiveCfg = Release|Any CPU
		{BCC5B9FD-590F-462C-B12D-A3CC50009DDC}.Release|Any CPU.Build.0 = Release|Any CPU
	EndGlobalSection
	GlobalSection(SolutionProperties) = preSolution
		HideSolutionNode = FALSE
	EndGlobalSection
	GlobalSection(ExtensibilityGlobals) = postSolution
		SolutionGuid = {E430837F-1F08-438C-B24D-3F100680CDF4}
	EndGlobalSection
EndGlobal
