
Microsoft Visual Studio Solution File, Format Version 12.00
# Visual Studio Version 17
VisualStudioVersion = 17.5.002.0
MinimumVisualStudioVersion = 10.0.40219.1
Project("{9A19103F-16F7-4668-BE54-9A1E7A4F7556}") = "GlobalLoopGame", "GlobalLoopGame.csproj", "{2699AC5D-C476-4E81-868A-70DFA01CE145}"
EndProject
Global
	GlobalSection(SolutionConfigurationPlatforms) = preSolution
		Debug|Any CPU = Debug|Any CPU
		Release|Any CPU = Release|Any CPU
	EndGlobalSection
	GlobalSection(ProjectConfigurationPlatforms) = postSolution
		{2699AC5D-C476-4E81-868A-70DFA01CE145}.Debug|Any CPU.ActiveCfg = Debug|Any CPU
		{2699AC5D-C476-4E81-868A-70DFA01CE145}.Debug|Any CPU.Build.0 = Debug|Any CPU
		{2699AC5D-C476-4E81-868A-70DFA01CE145}.Release|Any CPU.ActiveCfg = Release|Any CPU
		{2699AC5D-C476-4E81-868A-70DFA01CE145}.Release|Any CPU.Build.0 = Release|Any CPU
	EndGlobalSection
	GlobalSection(SolutionProperties) = preSolution
		HideSolutionNode = FALSE
	EndGlobalSection
	GlobalSection(ExtensibilityGlobals) = postSolution
		SolutionGuid = {703F2F46-1C36-4506-89DE-4741294CE0E6}
	EndGlobalSection
EndGlobal
